
Microsoft Visual Studio Solution File, Format Version 12.00
# Visual Studio Version 16
VisualStudioVersion = 16.0.30204.135
MinimumVisualStudioVersion = 10.0.40219.1
Project("{FAE04EC0-301F-11D3-BF4B-00C04F79EFBC}") = "SchoolManagement", "SchoolManagement\SchoolManagement.csproj", "{BBDFD4F4-8895-48BF-B561-1C5F5E8017E2}"
EndProject
Project("{FAE04EC0-301F-11D3-BF4B-00C04F79EFBC}") = "SchoolManagement.Tests", "SchoolManagement.Tests\SchoolManagement.Tests.csproj", "{47DBADED-726F-458B-9FC0-7E79460A66A0}"
EndProject
Project("{FAE04EC0-301F-11D3-BF4B-00C04F79EFBC}") = "SchoolManagement.UITests", "SchoolManagement.UITests\SchoolManagement.UITests.csproj", "{18E11ECF-29E6-47C9-B183-E19AFB1268E5}"
EndProject
Global
	GlobalSection(SolutionConfigurationPlatforms) = preSolution
		Debug|Any CPU = Debug|Any CPU
		Release|Any CPU = Release|Any CPU
	EndGlobalSection
	GlobalSection(ProjectConfigurationPlatforms) = postSolution
		{BBDFD4F4-8895-48BF-B561-1C5F5E8017E2}.Debug|Any CPU.ActiveCfg = Debug|Any CPU
		{BBDFD4F4-8895-48BF-B561-1C5F5E8017E2}.Debug|Any CPU.Build.0 = Debug|Any CPU
		{BBDFD4F4-8895-48BF-B561-1C5F5E8017E2}.Release|Any CPU.ActiveCfg = Release|Any CPU
		{BBDFD4F4-8895-48BF-B561-1C5F5E8017E2}.Release|Any CPU.Build.0 = Release|Any CPU
		{47DBADED-726F-458B-9FC0-7E79460A66A0}.Debug|Any CPU.ActiveCfg = Debug|Any CPU
		{47DBADED-726F-458B-9FC0-7E79460A66A0}.Debug|Any CPU.Build.0 = Debug|Any CPU
		{47DBADED-726F-458B-9FC0-7E79460A66A0}.Release|Any CPU.ActiveCfg = Release|Any CPU
		{47DBADED-726F-458B-9FC0-7E79460A66A0}.Release|Any CPU.Build.0 = Release|Any CPU
		{18E11ECF-29E6-47C9-B183-E19AFB1268E5}.Debug|Any CPU.ActiveCfg = Debug|Any CPU
		{18E11ECF-29E6-47C9-B183-E19AFB1268E5}.Debug|Any CPU.Build.0 = Debug|Any CPU
		{18E11ECF-29E6-47C9-B183-E19AFB1268E5}.Release|Any CPU.ActiveCfg = Release|Any CPU
		{18E11ECF-29E6-47C9-B183-E19AFB1268E5}.Release|Any CPU.Build.0 = Release|Any CPU
	EndGlobalSection
	GlobalSection(SolutionProperties) = preSolution
		HideSolutionNode = FALSE
	EndGlobalSection
	GlobalSection(ExtensibilityGlobals) = postSolution
		SolutionGuid = {145BB4EB-F17E-4A2D-A4BB-24CBF4903859}
	EndGlobalSection
EndGlobal
