
Microsoft Visual Studio Solution File, Format Version 12.00
# Visual Studio Version 16
VisualStudioVersion = 16.0.29215.179
MinimumVisualStudioVersion = 10.0.40219.1
Project("{FAE04EC0-301F-11D3-BF4B-00C04F79EFBC}") = "LVC-CODECHALLENGE", "LVC-CODECHALLENGE.csproj", "{5CC6BBD5-7A8B-4C5A-ACB4-07AFFC19D220}"
EndProject
Global
	GlobalSection(SolutionConfigurationPlatforms) = preSolution
		Debug|Any CPU = Debug|Any CPU
		Release|Any CPU = Release|Any CPU
	EndGlobalSection
	GlobalSection(ProjectConfigurationPlatforms) = postSolution
		{5CC6BBD5-7A8B-4C5A-ACB4-07AFFC19D220}.Debug|Any CPU.ActiveCfg = Debug|Any CPU
		{5CC6BBD5-7A8B-4C5A-ACB4-07AFFC19D220}.Debug|Any CPU.Build.0 = Debug|Any CPU
		{5CC6BBD5-7A8B-4C5A-ACB4-07AFFC19D220}.Release|Any CPU.ActiveCfg = Release|Any CPU
		{5CC6BBD5-7A8B-4C5A-ACB4-07AFFC19D220}.Release|Any CPU.Build.0 = Release|Any CPU
	EndGlobalSection
	GlobalSection(SolutionProperties) = preSolution
		HideSolutionNode = FALSE
	EndGlobalSection
	GlobalSection(ExtensibilityGlobals) = postSolution
		SolutionGuid = {AD930D65-5F3D-4CD6-89A4-A0CD5B7ABD88}
	EndGlobalSection
EndGlobal
